// !$*UTF8*$!
{
	archiveVersion = 1;
	classes = {
	};
	objectVersion = 46;
	objects = {

/* Begin PBXBuildFile section */
		3D10F8D91BEE518F007BBB59 /* ComposeViewController.m in Sources */ = {isa = PBXBuildFile; fileRef = 3D10F8D81BEE518F007BBB59 /* ComposeViewController.m */; };
		3D6D58111BE0CED600D5E7B5 /* main.m in Sources */ = {isa = PBXBuildFile; fileRef = 3D6D58101BE0CED600D5E7B5 /* main.m */; };
		3D6D581C1BE0CED600D5E7B5 /* Assets.xcassets in Resources */ = {isa = PBXBuildFile; fileRef = 3D6D581B1BE0CED600D5E7B5 /* Assets.xcassets */; };
		3D6D582A1BE0CED600D5E7B5 /* weiboTests.m in Sources */ = {isa = PBXBuildFile; fileRef = 3D6D58291BE0CED600D5E7B5 /* weiboTests.m */; };
		3D6D58351BE0CED600D5E7B5 /* weiboUITests.m in Sources */ = {isa = PBXBuildFile; fileRef = 3D6D58341BE0CED600D5E7B5 /* weiboUITests.m */; };
		3D6D58451BE0CF7200D5E7B5 /* AppDelegate.m in Sources */ = {isa = PBXBuildFile; fileRef = 3D6D58441BE0CF7200D5E7B5 /* AppDelegate.m */; };
		3D7125751BE868FC00B3EFFC /* Picture.m in Sources */ = {isa = PBXBuildFile; fileRef = 3D7125741BE868FC00B3EFFC /* Picture.m */; };
		3D722FF71BE3657A00D036BA /* OAuthViewController.m in Sources */ = {isa = PBXBuildFile; fileRef = 3D722FF61BE3657A00D036BA /* OAuthViewController.m */; };
		3D72300C1BE3733700D036BA /* AFHTTPRequestOperation.m in Sources */ = {isa = PBXBuildFile; fileRef = 3D722FFA1BE3733700D036BA /* AFHTTPRequestOperation.m */; };
		3D72300D1BE3733700D036BA /* AFHTTPRequestOperationManager.m in Sources */ = {isa = PBXBuildFile; fileRef = 3D722FFC1BE3733700D036BA /* AFHTTPRequestOperationManager.m */; };
		3D72300E1BE3733700D036BA /* AFHTTPSessionManager.m in Sources */ = {isa = PBXBuildFile; fileRef = 3D722FFE1BE3733700D036BA /* AFHTTPSessionManager.m */; };
		3D72300F1BE3733700D036BA /* AFNetworkReachabilityManager.m in Sources */ = {isa = PBXBuildFile; fileRef = 3D7230011BE3733700D036BA /* AFNetworkReachabilityManager.m */; };
		3D7230101BE3733700D036BA /* AFSecurityPolicy.m in Sources */ = {isa = PBXBuildFile; fileRef = 3D7230031BE3733700D036BA /* AFSecurityPolicy.m */; };
		3D7230111BE3733700D036BA /* AFURLConnectionOperation.m in Sources */ = {isa = PBXBuildFile; fileRef = 3D7230051BE3733700D036BA /* AFURLConnectionOperation.m */; };
		3D7230121BE3733700D036BA /* AFURLRequestSerialization.m in Sources */ = {isa = PBXBuildFile; fileRef = 3D7230071BE3733700D036BA /* AFURLRequestSerialization.m */; };
		3D7230131BE3733700D036BA /* AFURLResponseSerialization.m in Sources */ = {isa = PBXBuildFile; fileRef = 3D7230091BE3733700D036BA /* AFURLResponseSerialization.m */; };
		3D7230141BE3733700D036BA /* AFURLSessionManager.m in Sources */ = {isa = PBXBuildFile; fileRef = 3D72300B1BE3733700D036BA /* AFURLSessionManager.m */; };
		3D7230181BE39C6800D036BA /* Account.m in Sources */ = {isa = PBXBuildFile; fileRef = 3D7230171BE39C6800D036BA /* Account.m */; };
		3D72301C1BE3A68700D036BA /* MBProgressHUD.m in Sources */ = {isa = PBXBuildFile; fileRef = 3D72301B1BE3A68700D036BA /* MBProgressHUD.m */; };
		3D7230201BE3B88B00D036BA /* AccountTool.m in Sources */ = {isa = PBXBuildFile; fileRef = 3D72301F1BE3B88B00D036BA /* AccountTool.m */; };
		3D7230231BE3C2FB00D036BA /* UIWindow+extension.m in Sources */ = {isa = PBXBuildFile; fileRef = 3D7230221BE3C2FB00D036BA /* UIWindow+extension.m */; };
		3D7230461BE3E2C900D036BA /* MKAnnotationView+WebCache.m in Sources */ = {isa = PBXBuildFile; fileRef = 3D7230261BE3E2C900D036BA /* MKAnnotationView+WebCache.m */; };
		3D7230471BE3E2C900D036BA /* NSData+ImageContentType.m in Sources */ = {isa = PBXBuildFile; fileRef = 3D7230281BE3E2C900D036BA /* NSData+ImageContentType.m */; };
		3D7230481BE3E2C900D036BA /* SDImageCache.m in Sources */ = {isa = PBXBuildFile; fileRef = 3D72302A1BE3E2C900D036BA /* SDImageCache.m */; };
		3D7230491BE3E2C900D036BA /* SDWebImageCompat.m in Sources */ = {isa = PBXBuildFile; fileRef = 3D72302C1BE3E2C900D036BA /* SDWebImageCompat.m */; };
		3D72304A1BE3E2C900D036BA /* SDWebImageDecoder.m in Sources */ = {isa = PBXBuildFile; fileRef = 3D72302E1BE3E2C900D036BA /* SDWebImageDecoder.m */; };
		3D72304B1BE3E2C900D036BA /* SDWebImageDownloader.m in Sources */ = {isa = PBXBuildFile; fileRef = 3D7230301BE3E2C900D036BA /* SDWebImageDownloader.m */; };
		3D72304C1BE3E2C900D036BA /* SDWebImageDownloaderOperation.m in Sources */ = {isa = PBXBuildFile; fileRef = 3D7230321BE3E2C900D036BA /* SDWebImageDownloaderOperation.m */; };
		3D72304D1BE3E2C900D036BA /* SDWebImageManager.m in Sources */ = {isa = PBXBuildFile; fileRef = 3D7230341BE3E2C900D036BA /* SDWebImageManager.m */; };
		3D72304E1BE3E2C900D036BA /* SDWebImagePrefetcher.m in Sources */ = {isa = PBXBuildFile; fileRef = 3D7230371BE3E2C900D036BA /* SDWebImagePrefetcher.m */; };
		3D72304F1BE3E2C900D036BA /* UIButton+WebCache.m in Sources */ = {isa = PBXBuildFile; fileRef = 3D7230391BE3E2C900D036BA /* UIButton+WebCache.m */; };
		3D7230501BE3E2C900D036BA /* UIImage+GIF.m in Sources */ = {isa = PBXBuildFile; fileRef = 3D72303B1BE3E2C900D036BA /* UIImage+GIF.m */; };
		3D7230511BE3E2C900D036BA /* UIImage+MultiFormat.m in Sources */ = {isa = PBXBuildFile; fileRef = 3D72303D1BE3E2C900D036BA /* UIImage+MultiFormat.m */; };
		3D7230521BE3E2C900D036BA /* UIImage+WebP.m in Sources */ = {isa = PBXBuildFile; fileRef = 3D72303F1BE3E2C900D036BA /* UIImage+WebP.m */; };
		3D7230531BE3E2C900D036BA /* UIImageView+HighlightedWebCache.m in Sources */ = {isa = PBXBuildFile; fileRef = 3D7230411BE3E2C900D036BA /* UIImageView+HighlightedWebCache.m */; };
		3D7230541BE3E2C900D036BA /* UIImageView+WebCache.m in Sources */ = {isa = PBXBuildFile; fileRef = 3D7230431BE3E2C900D036BA /* UIImageView+WebCache.m */; };
		3D7230551BE3E2C900D036BA /* UIView+WebCacheOperation.m in Sources */ = {isa = PBXBuildFile; fileRef = 3D7230451BE3E2C900D036BA /* UIView+WebCacheOperation.m */; };
		3DA19E341BF1BE4300518CCD /* EmotionKeyboardView.m in Sources */ = {isa = PBXBuildFile; fileRef = 3DA19E331BF1BE4300518CCD /* EmotionKeyboardView.m */; };
		3DA9993F1BEF5CE000FCB06B /* InputTextView.m in Sources */ = {isa = PBXBuildFile; fileRef = 3DA9993E1BEF5CE000FCB06B /* InputTextView.m */; };
		3DABDB891BE70F8300EF7DA4 /* StatusTableViewCell.m in Sources */ = {isa = PBXBuildFile; fileRef = 3DABDB881BE70F8300EF7DA4 /* StatusTableViewCell.m */; };
		3DABDB8C1BE713E200EF7DA4 /* StatusFrame.m in Sources */ = {isa = PBXBuildFile; fileRef = 3DABDB8B1BE713E200EF7DA4 /* StatusFrame.m */; };
		3DABDB8F1BE7176100EF7DA4 /* NSString+extension.m in Sources */ = {isa = PBXBuildFile; fileRef = 3DABDB8E1BE7176100EF7DA4 /* NSString+extension.m */; };
		3DACE3F21BF082BA00AE906A /* ToolBar.m in Sources */ = {isa = PBXBuildFile; fileRef = 3DACE3F11BF082BA00AE906A /* ToolBar.m */; };
		3DADD76C1BECA89100EFD127 /* StatusPicturesView.m in Sources */ = {isa = PBXBuildFile; fileRef = 3DADD76B1BECA89100EFD127 /* StatusPicturesView.m */; };
		3DADD76F1BECD3B000EFD127 /* StatusPictureView.m in Sources */ = {isa = PBXBuildFile; fileRef = 3DADD76E1BECD3B000EFD127 /* StatusPictureView.m */; };
		3DADD7721BED040900EFD127 /* IconView.m in Sources */ = {isa = PBXBuildFile; fileRef = 3DADD7711BED040900EFD127 /* IconView.m */; };
		3DAEBAF31BE4604600EC1937 /* TitleButton.m in Sources */ = {isa = PBXBuildFile; fileRef = 3DAEBAF21BE4604600EC1937 /* TitleButton.m */; };
		3DB46EDD1BEA41860021BF7B /* StatusToolBar.m in Sources */ = {isa = PBXBuildFile; fileRef = 3DB46EDC1BEA41860021BF7B /* StatusToolBar.m */; };
		3DBC18301BE1C9B1003934B8 /* DiscoverTableViewController.m in Sources */ = {isa = PBXBuildFile; fileRef = 3DBC18111BE1C9B1003934B8 /* DiscoverTableViewController.m */; };
		3DBC18311BE1C9B1003934B8 /* HomeTableViewController.m in Sources */ = {isa = PBXBuildFile; fileRef = 3DBC18171BE1C9B1003934B8 /* HomeTableViewController.m */; };
		3DBC18321BE1C9B1003934B8 /* UIView+extension.m in Sources */ = {isa = PBXBuildFile; fileRef = 3DBC181E1BE1C9B1003934B8 /* UIView+extension.m */; };
		3DBC18331BE1C9B1003934B8 /* MainTabBarController.m in Sources */ = {isa = PBXBuildFile; fileRef = 3DBC18211BE1C9B1003934B8 /* MainTabBarController.m */; };
		3DBC18341BE1C9B1003934B8 /* WBNavigationController.m in Sources */ = {isa = PBXBuildFile; fileRef = 3DBC18231BE1C9B1003934B8 /* WBNavigationController.m */; };
		3DBC18351BE1C9B1003934B8 /* MessageTableViewController.m in Sources */ = {isa = PBXBuildFile; fileRef = 3DBC18271BE1C9B1003934B8 /* MessageTableViewController.m */; };
		3DBC18361BE1C9B1003934B8 /* ProfileTableViewController.m in Sources */ = {isa = PBXBuildFile; fileRef = 3DBC182D1BE1C9B1003934B8 /* ProfileTableViewController.m */; };
		3DBC18391BE1CBB8003934B8 /* UIBarButtonItem+extension.m in Sources */ = {isa = PBXBuildFile; fileRef = 3DBC18381BE1CBB8003934B8 /* UIBarButtonItem+extension.m */; };
		3DBC183D1BE2285B003934B8 /* WBTabBar.m in Sources */ = {isa = PBXBuildFile; fileRef = 3DBC183C1BE2285B003934B8 /* WBTabBar.m */; };
		3DBC18401BE26FFE003934B8 /* NewFeatureViewController.m in Sources */ = {isa = PBXBuildFile; fileRef = 3DBC183F1BE26FFE003934B8 /* NewFeatureViewController.m */; };
		3DE90D451BEB824F0098FDB2 /* NSDate+extension.m in Sources */ = {isa = PBXBuildFile; fileRef = 3DE90D441BEB824F0098FDB2 /* NSDate+extension.m */; };
		3DFB377F1BF0D2B000B21396 /* ComposePicturesView.m in Sources */ = {isa = PBXBuildFile; fileRef = 3DFB377E1BF0D2B000B21396 /* ComposePicturesView.m */; };
		3DFB83901BE4C16000A1D6FD /* User.m in Sources */ = {isa = PBXBuildFile; fileRef = 3DFB838F1BE4C16000A1D6FD /* User.m */; };
		3DFB83931BE4C16D00A1D6FD /* Status.m in Sources */ = {isa = PBXBuildFile; fileRef = 3DFB83921BE4C16D00A1D6FD /* Status.m */; };
		3DFB83AE1BE5240A00A1D6FD /* JSONModel.m in Sources */ = {isa = PBXBuildFile; fileRef = 3DFB83971BE5240A00A1D6FD /* JSONModel.m */; };
		3DFB83AF1BE5240A00A1D6FD /* JSONModelArray.m in Sources */ = {isa = PBXBuildFile; fileRef = 3DFB83991BE5240A00A1D6FD /* JSONModelArray.m */; };
		3DFB83B01BE5240A00A1D6FD /* JSONModelClassProperty.m in Sources */ = {isa = PBXBuildFile; fileRef = 3DFB839B1BE5240A00A1D6FD /* JSONModelClassProperty.m */; };
		3DFB83B11BE5240A00A1D6FD /* JSONModelError.m in Sources */ = {isa = PBXBuildFile; fileRef = 3DFB839D1BE5240A00A1D6FD /* JSONModelError.m */; };
		3DFB83B21BE5240A00A1D6FD /* NSArray+JSONModel.m in Sources */ = {isa = PBXBuildFile; fileRef = 3DFB83A01BE5240A00A1D6FD /* NSArray+JSONModel.m */; };
		3DFB83B31BE5240A00A1D6FD /* JSONAPI.m in Sources */ = {isa = PBXBuildFile; fileRef = 3DFB83A41BE5240A00A1D6FD /* JSONAPI.m */; };
		3DFB83B41BE5240A00A1D6FD /* JSONHTTPClient.m in Sources */ = {isa = PBXBuildFile; fileRef = 3DFB83A61BE5240A00A1D6FD /* JSONHTTPClient.m */; };
		3DFB83B51BE5240A00A1D6FD /* JSONModel+networking.m in Sources */ = {isa = PBXBuildFile; fileRef = 3DFB83A81BE5240A00A1D6FD /* JSONModel+networking.m */; };
		3DFB83B61BE5240A00A1D6FD /* JSONKeyMapper.m in Sources */ = {isa = PBXBuildFile; fileRef = 3DFB83AB1BE5240A00A1D6FD /* JSONKeyMapper.m */; };
		3DFB83B71BE5240A00A1D6FD /* JSONValueTransformer.m in Sources */ = {isa = PBXBuildFile; fileRef = 3DFB83AD1BE5240A00A1D6FD /* JSONValueTransformer.m */; };
/* End PBXBuildFile section */

/* Begin PBXContainerItemProxy section */
		3D6D58261BE0CED600D5E7B5 /* PBXContainerItemProxy */ = {
			isa = PBXContainerItemProxy;
			containerPortal = 3D6D58041BE0CED600D5E7B5 /* Project object */;
			proxyType = 1;
			remoteGlobalIDString = 3D6D580B1BE0CED600D5E7B5;
			remoteInfo = weibo;
		};
		3D6D58311BE0CED600D5E7B5 /* PBXContainerItemProxy */ = {
			isa = PBXContainerItemProxy;
			containerPortal = 3D6D58041BE0CED600D5E7B5 /* Project object */;
			proxyType = 1;
			remoteGlobalIDString = 3D6D580B1BE0CED600D5E7B5;
			remoteInfo = weibo;
		};
/* End PBXContainerItemProxy section */

/* Begin PBXFileReference section */
		3D10F8D71BEE518F007BBB59 /* ComposeViewController.h */ = {isa = PBXFileReference; fileEncoding = 4; lastKnownFileType = sourcecode.c.h; path = ComposeViewController.h; sourceTree = "<group>"; };
		3D10F8D81BEE518F007BBB59 /* ComposeViewController.m */ = {isa = PBXFileReference; fileEncoding = 4; lastKnownFileType = sourcecode.c.objc; path = ComposeViewController.m; sourceTree = "<group>"; };
		3D6D580C1BE0CED600D5E7B5 /* weibo.app */ = {isa = PBXFileReference; explicitFileType = wrapper.application; includeInIndex = 0; path = weibo.app; sourceTree = BUILT_PRODUCTS_DIR; };
		3D6D58101BE0CED600D5E7B5 /* main.m */ = {isa = PBXFileReference; lastKnownFileType = sourcecode.c.objc; path = main.m; sourceTree = "<group>"; };
		3D6D581B1BE0CED600D5E7B5 /* Assets.xcassets */ = {isa = PBXFileReference; lastKnownFileType = folder.assetcatalog; path = Assets.xcassets; sourceTree = "<group>"; };
		3D6D58201BE0CED600D5E7B5 /* Info.plist */ = {isa = PBXFileReference; lastKnownFileType = text.plist.xml; path = Info.plist; sourceTree = "<group>"; };
		3D6D58251BE0CED600D5E7B5 /* weiboTests.xctest */ = {isa = PBXFileReference; explicitFileType = wrapper.cfbundle; includeInIndex = 0; path = weiboTests.xctest; sourceTree = BUILT_PRODUCTS_DIR; };
		3D6D58291BE0CED600D5E7B5 /* weiboTests.m */ = {isa = PBXFileReference; lastKnownFileType = sourcecode.c.objc; path = weiboTests.m; sourceTree = "<group>"; };
		3D6D582B1BE0CED600D5E7B5 /* Info.plist */ = {isa = PBXFileReference; lastKnownFileType = text.plist.xml; path = Info.plist; sourceTree = "<group>"; };
		3D6D58301BE0CED600D5E7B5 /* weiboUITests.xctest */ = {isa = PBXFileReference; explicitFileType = wrapper.cfbundle; includeInIndex = 0; path = weiboUITests.xctest; sourceTree = BUILT_PRODUCTS_DIR; };
		3D6D58341BE0CED600D5E7B5 /* weiboUITests.m */ = {isa = PBXFileReference; lastKnownFileType = sourcecode.c.objc; path = weiboUITests.m; sourceTree = "<group>"; };
		3D6D58361BE0CED600D5E7B5 /* Info.plist */ = {isa = PBXFileReference; lastKnownFileType = text.plist.xml; path = Info.plist; sourceTree = "<group>"; };
		3D6D58431BE0CF7200D5E7B5 /* AppDelegate.h */ = {isa = PBXFileReference; fileEncoding = 4; lastKnownFileType = sourcecode.c.h; path = AppDelegate.h; sourceTree = "<group>"; };
		3D6D58441BE0CF7200D5E7B5 /* AppDelegate.m */ = {isa = PBXFileReference; fileEncoding = 4; lastKnownFileType = sourcecode.c.objc; path = AppDelegate.m; sourceTree = "<group>"; };
		3D7125731BE868FC00B3EFFC /* Picture.h */ = {isa = PBXFileReference; fileEncoding = 4; lastKnownFileType = sourcecode.c.h; path = Picture.h; sourceTree = "<group>"; };
		3D7125741BE868FC00B3EFFC /* Picture.m */ = {isa = PBXFileReference; fileEncoding = 4; lastKnownFileType = sourcecode.c.objc; path = Picture.m; sourceTree = "<group>"; };
		3D722FF51BE3657A00D036BA /* OAuthViewController.h */ = {isa = PBXFileReference; fileEncoding = 4; lastKnownFileType = sourcecode.c.h; path = OAuthViewController.h; sourceTree = "<group>"; };
		3D722FF61BE3657A00D036BA /* OAuthViewController.m */ = {isa = PBXFileReference; fileEncoding = 4; lastKnownFileType = sourcecode.c.objc; path = OAuthViewController.m; sourceTree = "<group>"; };
		3D722FF91BE3733700D036BA /* AFHTTPRequestOperation.h */ = {isa = PBXFileReference; fileEncoding = 4; lastKnownFileType = sourcecode.c.h; path = AFHTTPRequestOperation.h; sourceTree = "<group>"; };
		3D722FFA1BE3733700D036BA /* AFHTTPRequestOperation.m */ = {isa = PBXFileReference; fileEncoding = 4; lastKnownFileType = sourcecode.c.objc; path = AFHTTPRequestOperation.m; sourceTree = "<group>"; };
		3D722FFB1BE3733700D036BA /* AFHTTPRequestOperationManager.h */ = {isa = PBXFileReference; fileEncoding = 4; lastKnownFileType = sourcecode.c.h; path = AFHTTPRequestOperationManager.h; sourceTree = "<group>"; };
		3D722FFC1BE3733700D036BA /* AFHTTPRequestOperationManager.m */ = {isa = PBXFileReference; fileEncoding = 4; lastKnownFileType = sourcecode.c.objc; path = AFHTTPRequestOperationManager.m; sourceTree = "<group>"; };
		3D722FFD1BE3733700D036BA /* AFHTTPSessionManager.h */ = {isa = PBXFileReference; fileEncoding = 4; lastKnownFileType = sourcecode.c.h; path = AFHTTPSessionManager.h; sourceTree = "<group>"; };
		3D722FFE1BE3733700D036BA /* AFHTTPSessionManager.m */ = {isa = PBXFileReference; fileEncoding = 4; lastKnownFileType = sourcecode.c.objc; path = AFHTTPSessionManager.m; sourceTree = "<group>"; };
		3D722FFF1BE3733700D036BA /* AFNetworking.h */ = {isa = PBXFileReference; fileEncoding = 4; lastKnownFileType = sourcecode.c.h; path = AFNetworking.h; sourceTree = "<group>"; };
		3D7230001BE3733700D036BA /* AFNetworkReachabilityManager.h */ = {isa = PBXFileReference; fileEncoding = 4; lastKnownFileType = sourcecode.c.h; path = AFNetworkReachabilityManager.h; sourceTree = "<group>"; };
		3D7230011BE3733700D036BA /* AFNetworkReachabilityManager.m */ = {isa = PBXFileReference; fileEncoding = 4; lastKnownFileType = sourcecode.c.objc; path = AFNetworkReachabilityManager.m; sourceTree = "<group>"; };
		3D7230021BE3733700D036BA /* AFSecurityPolicy.h */ = {isa = PBXFileReference; fileEncoding = 4; lastKnownFileType = sourcecode.c.h; path = AFSecurityPolicy.h; sourceTree = "<group>"; };
		3D7230031BE3733700D036BA /* AFSecurityPolicy.m */ = {isa = PBXFileReference; fileEncoding = 4; lastKnownFileType = sourcecode.c.objc; path = AFSecurityPolicy.m; sourceTree = "<group>"; };
		3D7230041BE3733700D036BA /* AFURLConnectionOperation.h */ = {isa = PBXFileReference; fileEncoding = 4; lastKnownFileType = sourcecode.c.h; path = AFURLConnectionOperation.h; sourceTree = "<group>"; };
		3D7230051BE3733700D036BA /* AFURLConnectionOperation.m */ = {isa = PBXFileReference; fileEncoding = 4; lastKnownFileType = sourcecode.c.objc; path = AFURLConnectionOperation.m; sourceTree = "<group>"; };
		3D7230061BE3733700D036BA /* AFURLRequestSerialization.h */ = {isa = PBXFileReference; fileEncoding = 4; lastKnownFileType = sourcecode.c.h; path = AFURLRequestSerialization.h; sourceTree = "<group>"; };
		3D7230071BE3733700D036BA /* AFURLRequestSerialization.m */ = {isa = PBXFileReference; fileEncoding = 4; lastKnownFileType = sourcecode.c.objc; path = AFURLRequestSerialization.m; sourceTree = "<group>"; };
		3D7230081BE3733700D036BA /* AFURLResponseSerialization.h */ = {isa = PBXFileReference; fileEncoding = 4; lastKnownFileType = sourcecode.c.h; path = AFURLResponseSerialization.h; sourceTree = "<group>"; };
		3D7230091BE3733700D036BA /* AFURLResponseSerialization.m */ = {isa = PBXFileReference; fileEncoding = 4; lastKnownFileType = sourcecode.c.objc; path = AFURLResponseSerialization.m; sourceTree = "<group>"; };
		3D72300A1BE3733700D036BA /* AFURLSessionManager.h */ = {isa = PBXFileReference; fileEncoding = 4; lastKnownFileType = sourcecode.c.h; path = AFURLSessionManager.h; sourceTree = "<group>"; };
		3D72300B1BE3733700D036BA /* AFURLSessionManager.m */ = {isa = PBXFileReference; fileEncoding = 4; lastKnownFileType = sourcecode.c.objc; path = AFURLSessionManager.m; sourceTree = "<group>"; };
		3D7230161BE39C6800D036BA /* Account.h */ = {isa = PBXFileReference; fileEncoding = 4; lastKnownFileType = sourcecode.c.h; path = Account.h; sourceTree = "<group>"; };
		3D7230171BE39C6800D036BA /* Account.m */ = {isa = PBXFileReference; fileEncoding = 4; lastKnownFileType = sourcecode.c.objc; path = Account.m; sourceTree = "<group>"; };
		3D72301A1BE3A68700D036BA /* MBProgressHUD.h */ = {isa = PBXFileReference; fileEncoding = 4; lastKnownFileType = sourcecode.c.h; path = MBProgressHUD.h; sourceTree = "<group>"; };
		3D72301B1BE3A68700D036BA /* MBProgressHUD.m */ = {isa = PBXFileReference; fileEncoding = 4; lastKnownFileType = sourcecode.c.objc; path = MBProgressHUD.m; sourceTree = "<group>"; };
		3D72301E1BE3B88B00D036BA /* AccountTool.h */ = {isa = PBXFileReference; fileEncoding = 4; lastKnownFileType = sourcecode.c.h; path = AccountTool.h; sourceTree = "<group>"; };
		3D72301F1BE3B88B00D036BA /* AccountTool.m */ = {isa = PBXFileReference; fileEncoding = 4; lastKnownFileType = sourcecode.c.objc; path = AccountTool.m; sourceTree = "<group>"; };
		3D7230211BE3C2FB00D036BA /* UIWindow+extension.h */ = {isa = PBXFileReference; fileEncoding = 4; lastKnownFileType = sourcecode.c.h; path = "UIWindow+extension.h"; sourceTree = "<group>"; };
		3D7230221BE3C2FB00D036BA /* UIWindow+extension.m */ = {isa = PBXFileReference; fileEncoding = 4; lastKnownFileType = sourcecode.c.objc; path = "UIWindow+extension.m"; sourceTree = "<group>"; };
		3D7230251BE3E2C900D036BA /* MKAnnotationView+WebCache.h */ = {isa = PBXFileReference; fileEncoding = 4; lastKnownFileType = sourcecode.c.h; path = "MKAnnotationView+WebCache.h"; sourceTree = "<group>"; };
		3D7230261BE3E2C900D036BA /* MKAnnotationView+WebCache.m */ = {isa = PBXFileReference; fileEncoding = 4; lastKnownFileType = sourcecode.c.objc; path = "MKAnnotationView+WebCache.m"; sourceTree = "<group>"; };
		3D7230271BE3E2C900D036BA /* NSData+ImageContentType.h */ = {isa = PBXFileReference; fileEncoding = 4; lastKnownFileType = sourcecode.c.h; path = "NSData+ImageContentType.h"; sourceTree = "<group>"; };
		3D7230281BE3E2C900D036BA /* NSData+ImageContentType.m */ = {isa = PBXFileReference; fileEncoding = 4; lastKnownFileType = sourcecode.c.objc; path = "NSData+ImageContentType.m"; sourceTree = "<group>"; };
		3D7230291BE3E2C900D036BA /* SDImageCache.h */ = {isa = PBXFileReference; fileEncoding = 4; lastKnownFileType = sourcecode.c.h; path = SDImageCache.h; sourceTree = "<group>"; };
		3D72302A1BE3E2C900D036BA /* SDImageCache.m */ = {isa = PBXFileReference; fileEncoding = 4; lastKnownFileType = sourcecode.c.objc; path = SDImageCache.m; sourceTree = "<group>"; };
		3D72302B1BE3E2C900D036BA /* SDWebImageCompat.h */ = {isa = PBXFileReference; fileEncoding = 4; lastKnownFileType = sourcecode.c.h; path = SDWebImageCompat.h; sourceTree = "<group>"; };
		3D72302C1BE3E2C900D036BA /* SDWebImageCompat.m */ = {isa = PBXFileReference; fileEncoding = 4; lastKnownFileType = sourcecode.c.objc; path = SDWebImageCompat.m; sourceTree = "<group>"; };
		3D72302D1BE3E2C900D036BA /* SDWebImageDecoder.h */ = {isa = PBXFileReference; fileEncoding = 4; lastKnownFileType = sourcecode.c.h; path = SDWebImageDecoder.h; sourceTree = "<group>"; };
		3D72302E1BE3E2C900D036BA /* SDWebImageDecoder.m */ = {isa = PBXFileReference; fileEncoding = 4; lastKnownFileType = sourcecode.c.objc; path = SDWebImageDecoder.m; sourceTree = "<group>"; };
		3D72302F1BE3E2C900D036BA /* SDWebImageDownloader.h */ = {isa = PBXFileReference; fileEncoding = 4; lastKnownFileType = sourcecode.c.h; path = SDWebImageDownloader.h; sourceTree = "<group>"; };
		3D7230301BE3E2C900D036BA /* SDWebImageDownloader.m */ = {isa = PBXFileReference; fileEncoding = 4; lastKnownFileType = sourcecode.c.objc; path = SDWebImageDownloader.m; sourceTree = "<group>"; };
		3D7230311BE3E2C900D036BA /* SDWebImageDownloaderOperation.h */ = {isa = PBXFileReference; fileEncoding = 4; lastKnownFileType = sourcecode.c.h; path = SDWebImageDownloaderOperation.h; sourceTree = "<group>"; };
		3D7230321BE3E2C900D036BA /* SDWebImageDownloaderOperation.m */ = {isa = PBXFileReference; fileEncoding = 4; lastKnownFileType = sourcecode.c.objc; path = SDWebImageDownloaderOperation.m; sourceTree = "<group>"; };
		3D7230331BE3E2C900D036BA /* SDWebImageManager.h */ = {isa = PBXFileReference; fileEncoding = 4; lastKnownFileType = sourcecode.c.h; path = SDWebImageManager.h; sourceTree = "<group>"; };
		3D7230341BE3E2C900D036BA /* SDWebImageManager.m */ = {isa = PBXFileReference; fileEncoding = 4; lastKnownFileType = sourcecode.c.objc; path = SDWebImageManager.m; sourceTree = "<group>"; };
		3D7230351BE3E2C900D036BA /* SDWebImageOperation.h */ = {isa = PBXFileReference; fileEncoding = 4; lastKnownFileType = sourcecode.c.h; path = SDWebImageOperation.h; sourceTree = "<group>"; };
		3D7230361BE3E2C900D036BA /* SDWebImagePrefetcher.h */ = {isa = PBXFileReference; fileEncoding = 4; lastKnownFileType = sourcecode.c.h; path = SDWebImagePrefetcher.h; sourceTree = "<group>"; };
		3D7230371BE3E2C900D036BA /* SDWebImagePrefetcher.m */ = {isa = PBXFileReference; fileEncoding = 4; lastKnownFileType = sourcecode.c.objc; path = SDWebImagePrefetcher.m; sourceTree = "<group>"; };
		3D7230381BE3E2C900D036BA /* UIButton+WebCache.h */ = {isa = PBXFileReference; fileEncoding = 4; lastKnownFileType = sourcecode.c.h; path = "UIButton+WebCache.h"; sourceTree = "<group>"; };
		3D7230391BE3E2C900D036BA /* UIButton+WebCache.m */ = {isa = PBXFileReference; fileEncoding = 4; lastKnownFileType = sourcecode.c.objc; path = "UIButton+WebCache.m"; sourceTree = "<group>"; };
		3D72303A1BE3E2C900D036BA /* UIImage+GIF.h */ = {isa = PBXFileReference; fileEncoding = 4; lastKnownFileType = sourcecode.c.h; path = "UIImage+GIF.h"; sourceTree = "<group>"; };
		3D72303B1BE3E2C900D036BA /* UIImage+GIF.m */ = {isa = PBXFileReference; fileEncoding = 4; lastKnownFileType = sourcecode.c.objc; path = "UIImage+GIF.m"; sourceTree = "<group>"; };
		3D72303C1BE3E2C900D036BA /* UIImage+MultiFormat.h */ = {isa = PBXFileReference; fileEncoding = 4; lastKnownFileType = sourcecode.c.h; path = "UIImage+MultiFormat.h"; sourceTree = "<group>"; };
		3D72303D1BE3E2C900D036BA /* UIImage+MultiFormat.m */ = {isa = PBXFileReference; fileEncoding = 4; lastKnownFileType = sourcecode.c.objc; path = "UIImage+MultiFormat.m"; sourceTree = "<group>"; };
		3D72303E1BE3E2C900D036BA /* UIImage+WebP.h */ = {isa = PBXFileReference; fileEncoding = 4; lastKnownFileType = sourcecode.c.h; path = "UIImage+WebP.h"; sourceTree = "<group>"; };
		3D72303F1BE3E2C900D036BA /* UIImage+WebP.m */ = {isa = PBXFileReference; fileEncoding = 4; lastKnownFileType = sourcecode.c.objc; path = "UIImage+WebP.m"; sourceTree = "<group>"; };
		3D7230401BE3E2C900D036BA /* UIImageView+HighlightedWebCache.h */ = {isa = PBXFileReference; fileEncoding = 4; lastKnownFileType = sourcecode.c.h; path = "UIImageView+HighlightedWebCache.h"; sourceTree = "<group>"; };
		3D7230411BE3E2C900D036BA /* UIImageView+HighlightedWebCache.m */ = {isa = PBXFileReference; fileEncoding = 4; lastKnownFileType = sourcecode.c.objc; path = "UIImageView+HighlightedWebCache.m"; sourceTree = "<group>"; };
		3D7230421BE3E2C900D036BA /* UIImageView+WebCache.h */ = {isa = PBXFileReference; fileEncoding = 4; lastKnownFileType = sourcecode.c.h; path = "UIImageView+WebCache.h"; sourceTree = "<group>"; };
		3D7230431BE3E2C900D036BA /* UIImageView+WebCache.m */ = {isa = PBXFileReference; fileEncoding = 4; lastKnownFileType = sourcecode.c.objc; path = "UIImageView+WebCache.m"; sourceTree = "<group>"; };
		3D7230441BE3E2C900D036BA /* UIView+WebCacheOperation.h */ = {isa = PBXFileReference; fileEncoding = 4; lastKnownFileType = sourcecode.c.h; path = "UIView+WebCacheOperation.h"; sourceTree = "<group>"; };
		3D7230451BE3E2C900D036BA /* UIView+WebCacheOperation.m */ = {isa = PBXFileReference; fileEncoding = 4; lastKnownFileType = sourcecode.c.objc; path = "UIView+WebCacheOperation.m"; sourceTree = "<group>"; };
		3DA19E321BF1BE4300518CCD /* EmotionKeyboardView.h */ = {isa = PBXFileReference; fileEncoding = 4; lastKnownFileType = sourcecode.c.h; path = EmotionKeyboardView.h; sourceTree = "<group>"; };
		3DA19E331BF1BE4300518CCD /* EmotionKeyboardView.m */ = {isa = PBXFileReference; fileEncoding = 4; lastKnownFileType = sourcecode.c.objc; path = EmotionKeyboardView.m; sourceTree = "<group>"; };
		3DA19E351BF1C03600518CCD /* PrefixHeader.pch */ = {isa = PBXFileReference; lastKnownFileType = sourcecode.c.h; path = PrefixHeader.pch; sourceTree = "<group>"; };
		3DA9993D1BEF5CE000FCB06B /* InputTextView.h */ = {isa = PBXFileReference; fileEncoding = 4; lastKnownFileType = sourcecode.c.h; path = InputTextView.h; sourceTree = "<group>"; };
		3DA9993E1BEF5CE000FCB06B /* InputTextView.m */ = {isa = PBXFileReference; fileEncoding = 4; lastKnownFileType = sourcecode.c.objc; path = InputTextView.m; sourceTree = "<group>"; };
		3DABDB871BE70F8300EF7DA4 /* StatusTableViewCell.h */ = {isa = PBXFileReference; fileEncoding = 4; lastKnownFileType = sourcecode.c.h; path = StatusTableViewCell.h; sourceTree = "<group>"; };
		3DABDB881BE70F8300EF7DA4 /* StatusTableViewCell.m */ = {isa = PBXFileReference; fileEncoding = 4; lastKnownFileType = sourcecode.c.objc; path = StatusTableViewCell.m; sourceTree = "<group>"; };
		3DABDB8A1BE713E200EF7DA4 /* StatusFrame.h */ = {isa = PBXFileReference; fileEncoding = 4; lastKnownFileType = sourcecode.c.h; path = StatusFrame.h; sourceTree = "<group>"; };
		3DABDB8B1BE713E200EF7DA4 /* StatusFrame.m */ = {isa = PBXFileReference; fileEncoding = 4; lastKnownFileType = sourcecode.c.objc; path = StatusFrame.m; sourceTree = "<group>"; };
		3DABDB8D1BE7176100EF7DA4 /* NSString+extension.h */ = {isa = PBXFileReference; fileEncoding = 4; lastKnownFileType = sourcecode.c.h; path = "NSString+extension.h"; sourceTree = "<group>"; };
		3DABDB8E1BE7176100EF7DA4 /* NSString+extension.m */ = {isa = PBXFileReference; fileEncoding = 4; lastKnownFileType = sourcecode.c.objc; path = "NSString+extension.m"; sourceTree = "<group>"; };
		3DACE3F01BF082BA00AE906A /* ToolBar.h */ = {isa = PBXFileReference; fileEncoding = 4; lastKnownFileType = sourcecode.c.h; path = ToolBar.h; sourceTree = "<group>"; };
		3DACE3F11BF082BA00AE906A /* ToolBar.m */ = {isa = PBXFileReference; fileEncoding = 4; lastKnownFileType = sourcecode.c.objc; path = ToolBar.m; sourceTree = "<group>"; };
		3DADD76A1BECA89100EFD127 /* StatusPicturesView.h */ = {isa = PBXFileReference; fileEncoding = 4; lastKnownFileType = sourcecode.c.h; path = StatusPicturesView.h; sourceTree = "<group>"; };
		3DADD76B1BECA89100EFD127 /* StatusPicturesView.m */ = {isa = PBXFileReference; fileEncoding = 4; lastKnownFileType = sourcecode.c.objc; path = StatusPicturesView.m; sourceTree = "<group>"; };
		3DADD76D1BECD3B000EFD127 /* StatusPictureView.h */ = {isa = PBXFileReference; fileEncoding = 4; lastKnownFileType = sourcecode.c.h; path = StatusPictureView.h; sourceTree = "<group>"; };
		3DADD76E1BECD3B000EFD127 /* StatusPictureView.m */ = {isa = PBXFileReference; fileEncoding = 4; lastKnownFileType = sourcecode.c.objc; path = StatusPictureView.m; sourceTree = "<group>"; };
		3DADD7701BED040900EFD127 /* IconView.h */ = {isa = PBXFileReference; fileEncoding = 4; lastKnownFileType = sourcecode.c.h; path = IconView.h; sourceTree = "<group>"; };
		3DADD7711BED040900EFD127 /* IconView.m */ = {isa = PBXFileReference; fileEncoding = 4; lastKnownFileType = sourcecode.c.objc; path = IconView.m; sourceTree = "<group>"; };
		3DAEBAF11BE4604600EC1937 /* TitleButton.h */ = {isa = PBXFileReference; fileEncoding = 4; lastKnownFileType = sourcecode.c.h; path = TitleButton.h; sourceTree = "<group>"; };
		3DAEBAF21BE4604600EC1937 /* TitleButton.m */ = {isa = PBXFileReference; fileEncoding = 4; lastKnownFileType = sourcecode.c.objc; path = TitleButton.m; sourceTree = "<group>"; };
		3DB46EDB1BEA41860021BF7B /* StatusToolBar.h */ = {isa = PBXFileReference; fileEncoding = 4; lastKnownFileType = sourcecode.c.h; path = StatusToolBar.h; sourceTree = "<group>"; };
		3DB46EDC1BEA41860021BF7B /* StatusToolBar.m */ = {isa = PBXFileReference; fileEncoding = 4; lastKnownFileType = sourcecode.c.objc; path = StatusToolBar.m; sourceTree = "<group>"; };
		3DBC18101BE1C9B1003934B8 /* DiscoverTableViewController.h */ = {isa = PBXFileReference; fileEncoding = 4; lastKnownFileType = sourcecode.c.h; path = DiscoverTableViewController.h; sourceTree = "<group>"; };
		3DBC18111BE1C9B1003934B8 /* DiscoverTableViewController.m */ = {isa = PBXFileReference; fileEncoding = 4; lastKnownFileType = sourcecode.c.objc; path = DiscoverTableViewController.m; sourceTree = "<group>"; };
		3DBC18161BE1C9B1003934B8 /* HomeTableViewController.h */ = {isa = PBXFileReference; fileEncoding = 4; lastKnownFileType = sourcecode.c.h; path = HomeTableViewController.h; sourceTree = "<group>"; };
		3DBC18171BE1C9B1003934B8 /* HomeTableViewController.m */ = {isa = PBXFileReference; fileEncoding = 4; lastKnownFileType = sourcecode.c.objc; path = HomeTableViewController.m; sourceTree = "<group>"; };
		3DBC181D1BE1C9B1003934B8 /* UIView+extension.h */ = {isa = PBXFileReference; fileEncoding = 4; lastKnownFileType = sourcecode.c.h; path = "UIView+extension.h"; sourceTree = "<group>"; };
		3DBC181E1BE1C9B1003934B8 /* UIView+extension.m */ = {isa = PBXFileReference; fileEncoding = 4; lastKnownFileType = sourcecode.c.objc; path = "UIView+extension.m"; sourceTree = "<group>"; };
		3DBC18201BE1C9B1003934B8 /* MainTabBarController.h */ = {isa = PBXFileReference; fileEncoding = 4; lastKnownFileType = sourcecode.c.h; path = MainTabBarController.h; sourceTree = "<group>"; };
		3DBC18211BE1C9B1003934B8 /* MainTabBarController.m */ = {isa = PBXFileReference; fileEncoding = 4; lastKnownFileType = sourcecode.c.objc; path = MainTabBarController.m; sourceTree = "<group>"; };
		3DBC18221BE1C9B1003934B8 /* WBNavigationController.h */ = {isa = PBXFileReference; fileEncoding = 4; lastKnownFileType = sourcecode.c.h; path = WBNavigationController.h; sourceTree = "<group>"; };
		3DBC18231BE1C9B1003934B8 /* WBNavigationController.m */ = {isa = PBXFileReference; fileEncoding = 4; lastKnownFileType = sourcecode.c.objc; path = WBNavigationController.m; sourceTree = "<group>"; };
		3DBC18261BE1C9B1003934B8 /* MessageTableViewController.h */ = {isa = PBXFileReference; fileEncoding = 4; lastKnownFileType = sourcecode.c.h; path = MessageTableViewController.h; sourceTree = "<group>"; };
		3DBC18271BE1C9B1003934B8 /* MessageTableViewController.m */ = {isa = PBXFileReference; fileEncoding = 4; lastKnownFileType = sourcecode.c.objc; path = MessageTableViewController.m; sourceTree = "<group>"; };
		3DBC182C1BE1C9B1003934B8 /* ProfileTableViewController.h */ = {isa = PBXFileReference; fileEncoding = 4; lastKnownFileType = sourcecode.c.h; path = ProfileTableViewController.h; sourceTree = "<group>"; };
		3DBC182D1BE1C9B1003934B8 /* ProfileTableViewController.m */ = {isa = PBXFileReference; fileEncoding = 4; lastKnownFileType = sourcecode.c.objc; path = ProfileTableViewController.m; sourceTree = "<group>"; };
		3DBC18371BE1CBB8003934B8 /* UIBarButtonItem+extension.h */ = {isa = PBXFileReference; fileEncoding = 4; lastKnownFileType = sourcecode.c.h; path = "UIBarButtonItem+extension.h"; sourceTree = "<group>"; };
		3DBC18381BE1CBB8003934B8 /* UIBarButtonItem+extension.m */ = {isa = PBXFileReference; fileEncoding = 4; lastKnownFileType = sourcecode.c.objc; path = "UIBarButtonItem+extension.m"; sourceTree = "<group>"; };
		3DBC183B1BE2285B003934B8 /* WBTabBar.h */ = {isa = PBXFileReference; fileEncoding = 4; lastKnownFileType = sourcecode.c.h; path = WBTabBar.h; sourceTree = "<group>"; };
		3DBC183C1BE2285B003934B8 /* WBTabBar.m */ = {isa = PBXFileReference; fileEncoding = 4; lastKnownFileType = sourcecode.c.objc; path = WBTabBar.m; sourceTree = "<group>"; };
		3DBC183E1BE26FFE003934B8 /* NewFeatureViewController.h */ = {isa = PBXFileReference; fileEncoding = 4; lastKnownFileType = sourcecode.c.h; path = NewFeatureViewController.h; sourceTree = "<group>"; };
		3DBC183F1BE26FFE003934B8 /* NewFeatureViewController.m */ = {isa = PBXFileReference; fileEncoding = 4; lastKnownFileType = sourcecode.c.objc; path = NewFeatureViewController.m; sourceTree = "<group>"; };
		3DE90D431BEB824F0098FDB2 /* NSDate+extension.h */ = {isa = PBXFileReference; fileEncoding = 4; lastKnownFileType = sourcecode.c.h; path = "NSDate+extension.h"; sourceTree = "<group>"; };
		3DE90D441BEB824F0098FDB2 /* NSDate+extension.m */ = {isa = PBXFileReference; fileEncoding = 4; lastKnownFileType = sourcecode.c.objc; path = "NSDate+extension.m"; sourceTree = "<group>"; };
		3DFB377D1BF0D2B000B21396 /* ComposePicturesView.h */ = {isa = PBXFileReference; fileEncoding = 4; lastKnownFileType = sourcecode.c.h; path = ComposePicturesView.h; sourceTree = "<group>"; };
		3DFB377E1BF0D2B000B21396 /* ComposePicturesView.m */ = {isa = PBXFileReference; fileEncoding = 4; lastKnownFileType = sourcecode.c.objc; path = ComposePicturesView.m; sourceTree = "<group>"; };
		3DFB838E1BE4C16000A1D6FD /* User.h */ = {isa = PBXFileReference; fileEncoding = 4; lastKnownFileType = sourcecode.c.h; path = User.h; sourceTree = "<group>"; };
		3DFB838F1BE4C16000A1D6FD /* User.m */ = {isa = PBXFileReference; fileEncoding = 4; lastKnownFileType = sourcecode.c.objc; path = User.m; sourceTree = "<group>"; };
		3DFB83911BE4C16D00A1D6FD /* Status.h */ = {isa = PBXFileReference; fileEncoding = 4; lastKnownFileType = sourcecode.c.h; path = Status.h; sourceTree = "<group>"; };
		3DFB83921BE4C16D00A1D6FD /* Status.m */ = {isa = PBXFileReference; fileEncoding = 4; lastKnownFileType = sourcecode.c.objc; path = Status.m; sourceTree = "<group>"; };
		3DFB83961BE5240A00A1D6FD /* JSONModel.h */ = {isa = PBXFileReference; fileEncoding = 4; lastKnownFileType = sourcecode.c.h; path = JSONModel.h; sourceTree = "<group>"; };
		3DFB83971BE5240A00A1D6FD /* JSONModel.m */ = {isa = PBXFileReference; fileEncoding = 4; lastKnownFileType = sourcecode.c.objc; path = JSONModel.m; sourceTree = "<group>"; };
		3DFB83981BE5240A00A1D6FD /* JSONModelArray.h */ = {isa = PBXFileReference; fileEncoding = 4; lastKnownFileType = sourcecode.c.h; path = JSONModelArray.h; sourceTree = "<group>"; };
		3DFB83991BE5240A00A1D6FD /* JSONModelArray.m */ = {isa = PBXFileReference; fileEncoding = 4; lastKnownFileType = sourcecode.c.objc; path = JSONModelArray.m; sourceTree = "<group>"; };
		3DFB839A1BE5240A00A1D6FD /* JSONModelClassProperty.h */ = {isa = PBXFileReference; fileEncoding = 4; lastKnownFileType = sourcecode.c.h; path = JSONModelClassProperty.h; sourceTree = "<group>"; };
		3DFB839B1BE5240A00A1D6FD /* JSONModelClassProperty.m */ = {isa = PBXFileReference; fileEncoding = 4; lastKnownFileType = sourcecode.c.objc; path = JSONModelClassProperty.m; sourceTree = "<group>"; };
		3DFB839C1BE5240A00A1D6FD /* JSONModelError.h */ = {isa = PBXFileReference; fileEncoding = 4; lastKnownFileType = sourcecode.c.h; path = JSONModelError.h; sourceTree = "<group>"; };
		3DFB839D1BE5240A00A1D6FD /* JSONModelError.m */ = {isa = PBXFileReference; fileEncoding = 4; lastKnownFileType = sourcecode.c.objc; path = JSONModelError.m; sourceTree = "<group>"; };
		3DFB839F1BE5240A00A1D6FD /* NSArray+JSONModel.h */ = {isa = PBXFileReference; fileEncoding = 4; lastKnownFileType = sourcecode.c.h; path = "NSArray+JSONModel.h"; sourceTree = "<group>"; };
		3DFB83A01BE5240A00A1D6FD /* NSArray+JSONModel.m */ = {isa = PBXFileReference; fileEncoding = 4; lastKnownFileType = sourcecode.c.objc; path = "NSArray+JSONModel.m"; sourceTree = "<group>"; };
		3DFB83A11BE5240A00A1D6FD /* JSONModelLib.h */ = {isa = PBXFileReference; fileEncoding = 4; lastKnownFileType = sourcecode.c.h; path = JSONModelLib.h; sourceTree = "<group>"; };
		3DFB83A31BE5240A00A1D6FD /* JSONAPI.h */ = {isa = PBXFileReference; fileEncoding = 4; lastKnownFileType = sourcecode.c.h; path = JSONAPI.h; sourceTree = "<group>"; };
		3DFB83A41BE5240A00A1D6FD /* JSONAPI.m */ = {isa = PBXFileReference; fileEncoding = 4; lastKnownFileType = sourcecode.c.objc; path = JSONAPI.m; sourceTree = "<group>"; };
		3DFB83A51BE5240A00A1D6FD /* JSONHTTPClient.h */ = {isa = PBXFileReference; fileEncoding = 4; lastKnownFileType = sourcecode.c.h; path = JSONHTTPClient.h; sourceTree = "<group>"; };
		3DFB83A61BE5240A00A1D6FD /* JSONHTTPClient.m */ = {isa = PBXFileReference; fileEncoding = 4; lastKnownFileType = sourcecode.c.objc; path = JSONHTTPClient.m; sourceTree = "<group>"; };
		3DFB83A71BE5240A00A1D6FD /* JSONModel+networking.h */ = {isa = PBXFileReference; fileEncoding = 4; lastKnownFileType = sourcecode.c.h; path = "JSONModel+networking.h"; sourceTree = "<group>"; };
		3DFB83A81BE5240A00A1D6FD /* JSONModel+networking.m */ = {isa = PBXFileReference; fileEncoding = 4; lastKnownFileType = sourcecode.c.objc; path = "JSONModel+networking.m"; sourceTree = "<group>"; };
		3DFB83AA1BE5240A00A1D6FD /* JSONKeyMapper.h */ = {isa = PBXFileReference; fileEncoding = 4; lastKnownFileType = sourcecode.c.h; path = JSONKeyMapper.h; sourceTree = "<group>"; };
		3DFB83AB1BE5240A00A1D6FD /* JSONKeyMapper.m */ = {isa = PBXFileReference; fileEncoding = 4; lastKnownFileType = sourcecode.c.objc; path = JSONKeyMapper.m; sourceTree = "<group>"; };
		3DFB83AC1BE5240A00A1D6FD /* JSONValueTransformer.h */ = {isa = PBXFileReference; fileEncoding = 4; lastKnownFileType = sourcecode.c.h; path = JSONValueTransformer.h; sourceTree = "<group>"; };
		3DFB83AD1BE5240A00A1D6FD /* JSONValueTransformer.m */ = {isa = PBXFileReference; fileEncoding = 4; lastKnownFileType = sourcecode.c.objc; path = JSONValueTransformer.m; sourceTree = "<group>"; };
/* End PBXFileReference section */

/* Begin PBXFrameworksBuildPhase section */
		3D6D58091BE0CED600D5E7B5 /* Frameworks */ = {
			isa = PBXFrameworksBuildPhase;
			buildActionMask = 2147483647;
			files = (
			);
			runOnlyForDeploymentPostprocessing = 0;
		};
		3D6D58221BE0CED600D5E7B5 /* Frameworks */ = {
			isa = PBXFrameworksBuildPhase;
			buildActionMask = 2147483647;
			files = (
			);
			runOnlyForDeploymentPostprocessing = 0;
		};
		3D6D582D1BE0CED600D5E7B5 /* Frameworks */ = {
			isa = PBXFrameworksBuildPhase;
			buildActionMask = 2147483647;
			files = (
			);
			runOnlyForDeploymentPostprocessing = 0;
		};
/* End PBXFrameworksBuildPhase section */

/* Begin PBXGroup section */
		3D10F8D31BEE515F007BBB59 /* Compose */ = {
			isa = PBXGroup;
			children = (
				3D10F8D41BEE515F007BBB59 /* Controller */,
				3D10F8D51BEE515F007BBB59 /* Model */,
				3D10F8D61BEE515F007BBB59 /* View */,
			);
			path = Compose;
			sourceTree = "<group>";
		};
		3D10F8D41BEE515F007BBB59 /* Controller */ = {
			isa = PBXGroup;
			children = (
				3D10F8D71BEE518F007BBB59 /* ComposeViewController.h */,
				3D10F8D81BEE518F007BBB59 /* ComposeViewController.m */,
			);
			path = Controller;
			sourceTree = "<group>";
		};
		3D10F8D51BEE515F007BBB59 /* Model */ = {
			isa = PBXGroup;
			children = (
			);
			path = Model;
			sourceTree = "<group>";
		};
		3D10F8D61BEE515F007BBB59 /* View */ = {
			isa = PBXGroup;
			children = (
				3DA9993D1BEF5CE000FCB06B /* InputTextView.h */,
				3DA9993E1BEF5CE000FCB06B /* InputTextView.m */,
				3DACE3F01BF082BA00AE906A /* ToolBar.h */,
				3DACE3F11BF082BA00AE906A /* ToolBar.m */,
				3DFB377D1BF0D2B000B21396 /* ComposePicturesView.h */,
				3DFB377E1BF0D2B000B21396 /* ComposePicturesView.m */,
				3DA19E321BF1BE4300518CCD /* EmotionKeyboardView.h */,
				3DA19E331BF1BE4300518CCD /* EmotionKeyboardView.m */,
			);
			path = View;
			sourceTree = "<group>";
		};
		3D6D58031BE0CED600D5E7B5 = {
			isa = PBXGroup;
			children = (
				3D6D580E1BE0CED600D5E7B5 /* weibo */,
				3D6D58281BE0CED600D5E7B5 /* weiboTests */,
				3D6D58331BE0CED600D5E7B5 /* weiboUITests */,
				3D6D580D1BE0CED600D5E7B5 /* Products */,
			);
			sourceTree = "<group>";
		};
		3D6D580D1BE0CED600D5E7B5 /* Products */ = {
			isa = PBXGroup;
			children = (
				3D6D580C1BE0CED600D5E7B5 /* weibo.app */,
				3D6D58251BE0CED600D5E7B5 /* weiboTests.xctest */,
				3D6D58301BE0CED600D5E7B5 /* weiboUITests.xctest */,
			);
			name = Products;
			sourceTree = "<group>";
		};
		3D6D580E1BE0CED600D5E7B5 /* weibo */ = {
			isa = PBXGroup;
			children = (
				3D6D58421BE0CF7200D5E7B5 /* class */,
				3D6D580F1BE0CED600D5E7B5 /* Supporting Files */,
			);
			path = weibo;
			sourceTree = "<group>";
		};
		3D6D580F1BE0CED600D5E7B5 /* Supporting Files */ = {
			isa = PBXGroup;
			children = (
				3D6D581B1BE0CED600D5E7B5 /* Assets.xcassets */,
				3D6D58201BE0CED600D5E7B5 /* Info.plist */,
				3D6D58101BE0CED600D5E7B5 /* main.m */,
				3DA19E351BF1C03600518CCD /* PrefixHeader.pch */,
			);
			name = "Supporting Files";
			sourceTree = "<group>";
		};
		3D6D58281BE0CED600D5E7B5 /* weiboTests */ = {
			isa = PBXGroup;
			children = (
				3D6D58291BE0CED600D5E7B5 /* weiboTests.m */,
				3D6D582B1BE0CED600D5E7B5 /* Info.plist */,
			);
			path = weiboTests;
			sourceTree = "<group>";
		};
		3D6D58331BE0CED600D5E7B5 /* weiboUITests */ = {
			isa = PBXGroup;
			children = (
				3D6D58341BE0CED600D5E7B5 /* weiboUITests.m */,
				3D6D58361BE0CED600D5E7B5 /* Info.plist */,
			);
			path = weiboUITests;
			sourceTree = "<group>";
		};
		3D6D58421BE0CF7200D5E7B5 /* class */ = {
			isa = PBXGroup;
			children = (
				3D10F8D31BEE515F007BBB59 /* Compose */,
				3DBC181B1BE1C9B1003934B8 /* Main */,
				3DBC18141BE1C9B1003934B8 /* Home */,
				3DBC180E1BE1C9B1003934B8 /* Discover */,
				3DBC18241BE1C9B1003934B8 /* Message */,
				3DBC182A1BE1C9B1003934B8 /* Profile */,
				3DBC181A1BE1C9B1003934B8 /* Libs */,
				3D6D58431BE0CF7200D5E7B5 /* AppDelegate.h */,
				3D6D58441BE0CF7200D5E7B5 /* AppDelegate.m */,
			);
			path = class;
			sourceTree = "<group>";
		};
		3D722FF81BE3733700D036BA /* AFNetworking */ = {
			isa = PBXGroup;
			children = (
				3D722FF91BE3733700D036BA /* AFHTTPRequestOperation.h */,
				3D722FFA1BE3733700D036BA /* AFHTTPRequestOperation.m */,
				3D722FFB1BE3733700D036BA /* AFHTTPRequestOperationManager.h */,
				3D722FFC1BE3733700D036BA /* AFHTTPRequestOperationManager.m */,
				3D722FFD1BE3733700D036BA /* AFHTTPSessionManager.h */,
				3D722FFE1BE3733700D036BA /* AFHTTPSessionManager.m */,
				3D722FFF1BE3733700D036BA /* AFNetworking.h */,
				3D7230001BE3733700D036BA /* AFNetworkReachabilityManager.h */,
				3D7230011BE3733700D036BA /* AFNetworkReachabilityManager.m */,
				3D7230021BE3733700D036BA /* AFSecurityPolicy.h */,
				3D7230031BE3733700D036BA /* AFSecurityPolicy.m */,
				3D7230041BE3733700D036BA /* AFURLConnectionOperation.h */,
				3D7230051BE3733700D036BA /* AFURLConnectionOperation.m */,
				3D7230061BE3733700D036BA /* AFURLRequestSerialization.h */,
				3D7230071BE3733700D036BA /* AFURLRequestSerialization.m */,
				3D7230081BE3733700D036BA /* AFURLResponseSerialization.h */,
				3D7230091BE3733700D036BA /* AFURLResponseSerialization.m */,
				3D72300A1BE3733700D036BA /* AFURLSessionManager.h */,
				3D72300B1BE3733700D036BA /* AFURLSessionManager.m */,
			);
			path = AFNetworking;
			sourceTree = "<group>";
		};
		3D7230151BE39C0900D036BA /* Model */ = {
			isa = PBXGroup;
			children = (
				3D7230161BE39C6800D036BA /* Account.h */,
				3D7230171BE39C6800D036BA /* Account.m */,
			);
			path = Model;
			sourceTree = "<group>";
		};
		3D7230191BE3A68700D036BA /* MBProgressHUD */ = {
			isa = PBXGroup;
			children = (
				3D72301A1BE3A68700D036BA /* MBProgressHUD.h */,
				3D72301B1BE3A68700D036BA /* MBProgressHUD.m */,
			);
			path = MBProgressHUD;
			sourceTree = "<group>";
		};
		3D72301D1BE3B7D500D036BA /* Tool */ = {
			isa = PBXGroup;
			children = (
				3D72301E1BE3B88B00D036BA /* AccountTool.h */,
				3D72301F1BE3B88B00D036BA /* AccountTool.m */,
			);
			path = Tool;
			sourceTree = "<group>";
		};
		3D7230241BE3E2C900D036BA /* SDWebImage */ = {
			isa = PBXGroup;
			children = (
				3D7230251BE3E2C900D036BA /* MKAnnotationView+WebCache.h */,
				3D7230261BE3E2C900D036BA /* MKAnnotationView+WebCache.m */,
				3D7230271BE3E2C900D036BA /* NSData+ImageContentType.h */,
				3D7230281BE3E2C900D036BA /* NSData+ImageContentType.m */,
				3D7230291BE3E2C900D036BA /* SDImageCache.h */,
				3D72302A1BE3E2C900D036BA /* SDImageCache.m */,
				3D72302B1BE3E2C900D036BA /* SDWebImageCompat.h */,
				3D72302C1BE3E2C900D036BA /* SDWebImageCompat.m */,
				3D72302D1BE3E2C900D036BA /* SDWebImageDecoder.h */,
				3D72302E1BE3E2C900D036BA /* SDWebImageDecoder.m */,
				3D72302F1BE3E2C900D036BA /* SDWebImageDownloader.h */,
				3D7230301BE3E2C900D036BA /* SDWebImageDownloader.m */,
				3D7230311BE3E2C900D036BA /* SDWebImageDownloaderOperation.h */,
				3D7230321BE3E2C900D036BA /* SDWebImageDownloaderOperation.m */,
				3D7230331BE3E2C900D036BA /* SDWebImageManager.h */,
				3D7230341BE3E2C900D036BA /* SDWebImageManager.m */,
				3D7230351BE3E2C900D036BA /* SDWebImageOperation.h */,
				3D7230361BE3E2C900D036BA /* SDWebImagePrefetcher.h */,
				3D7230371BE3E2C900D036BA /* SDWebImagePrefetcher.m */,
				3D7230381BE3E2C900D036BA /* UIButton+WebCache.h */,
				3D7230391BE3E2C900D036BA /* UIButton+WebCache.m */,
				3D72303A1BE3E2C900D036BA /* UIImage+GIF.h */,
				3D72303B1BE3E2C900D036BA /* UIImage+GIF.m */,
				3D72303C1BE3E2C900D036BA /* UIImage+MultiFormat.h */,
				3D72303D1BE3E2C900D036BA /* UIImage+MultiFormat.m */,
				3D72303E1BE3E2C900D036BA /* UIImage+WebP.h */,
				3D72303F1BE3E2C900D036BA /* UIImage+WebP.m */,
				3D7230401BE3E2C900D036BA /* UIImageView+HighlightedWebCache.h */,
				3D7230411BE3E2C900D036BA /* UIImageView+HighlightedWebCache.m */,
				3D7230421BE3E2C900D036BA /* UIImageView+WebCache.h */,
				3D7230431BE3E2C900D036BA /* UIImageView+WebCache.m */,
				3D7230441BE3E2C900D036BA /* UIView+WebCacheOperation.h */,
				3D7230451BE3E2C900D036BA /* UIView+WebCacheOperation.m */,
			);
			path = SDWebImage;
			sourceTree = "<group>";
		};
		3DBC180E1BE1C9B1003934B8 /* Discover */ = {
			isa = PBXGroup;
			children = (
				3DBC180F1BE1C9B1003934B8 /* Controller */,
				3DBC18121BE1C9B1003934B8 /* Model */,
				3DBC18131BE1C9B1003934B8 /* View */,
			);
			path = Discover;
			sourceTree = "<group>";
		};
		3DBC180F1BE1C9B1003934B8 /* Controller */ = {
			isa = PBXGroup;
			children = (
				3DBC18101BE1C9B1003934B8 /* DiscoverTableViewController.h */,
				3DBC18111BE1C9B1003934B8 /* DiscoverTableViewController.m */,
			);
			path = Controller;
			sourceTree = "<group>";
		};
		3DBC18121BE1C9B1003934B8 /* Model */ = {
			isa = PBXGroup;
			children = (
			);
			path = Model;
			sourceTree = "<group>";
		};
		3DBC18131BE1C9B1003934B8 /* View */ = {
			isa = PBXGroup;
			children = (
			);
			path = View;
			sourceTree = "<group>";
		};
		3DBC18141BE1C9B1003934B8 /* Home */ = {
			isa = PBXGroup;
			children = (
				3DBC18151BE1C9B1003934B8 /* Controller */,
				3DBC18181BE1C9B1003934B8 /* Model */,
				3DBC18191BE1C9B1003934B8 /* View */,
			);
			path = Home;
			sourceTree = "<group>";
		};
		3DBC18151BE1C9B1003934B8 /* Controller */ = {
			isa = PBXGroup;
			children = (
				3DBC18161BE1C9B1003934B8 /* HomeTableViewController.h */,
				3DBC18171BE1C9B1003934B8 /* HomeTableViewController.m */,
			);
			path = Controller;
			sourceTree = "<group>";
		};
		3DBC18181BE1C9B1003934B8 /* Model */ = {
			isa = PBXGroup;
			children = (
				3DFB838E1BE4C16000A1D6FD /* User.h */,
				3DFB838F1BE4C16000A1D6FD /* User.m */,
				3DFB83911BE4C16D00A1D6FD /* Status.h */,
				3DFB83921BE4C16D00A1D6FD /* Status.m */,
				3DABDB8A1BE713E200EF7DA4 /* StatusFrame.h */,
				3DABDB8B1BE713E200EF7DA4 /* StatusFrame.m */,
				3D7125731BE868FC00B3EFFC /* Picture.h */,
				3D7125741BE868FC00B3EFFC /* Picture.m */,
			);
			path = Model;
			sourceTree = "<group>";
		};
		3DBC18191BE1C9B1003934B8 /* View */ = {
			isa = PBXGroup;
			children = (
				3DABDB871BE70F8300EF7DA4 /* StatusTableViewCell.h */,
				3DABDB881BE70F8300EF7DA4 /* StatusTableViewCell.m */,
				3DB46EDB1BEA41860021BF7B /* StatusToolBar.h */,
				3DB46EDC1BEA41860021BF7B /* StatusToolBar.m */,
				3DADD76A1BECA89100EFD127 /* StatusPicturesView.h */,
				3DADD76B1BECA89100EFD127 /* StatusPicturesView.m */,
				3DADD76D1BECD3B000EFD127 /* StatusPictureView.h */,
				3DADD76E1BECD3B000EFD127 /* StatusPictureView.m */,
				3DADD7701BED040900EFD127 /* IconView.h */,
				3DADD7711BED040900EFD127 /* IconView.m */,
			);
			path = View;
			sourceTree = "<group>";
		};
		3DBC181A1BE1C9B1003934B8 /* Libs */ = {
			isa = PBXGroup;
			children = (
				3DFB83941BE5240A00A1D6FD /* JSONModel */,
				3D7230241BE3E2C900D036BA /* SDWebImage */,
				3D7230191BE3A68700D036BA /* MBProgressHUD */,
				3D722FF81BE3733700D036BA /* AFNetworking */,
			);
			path = Libs;
			sourceTree = "<group>";
		};
		3DBC181B1BE1C9B1003934B8 /* Main */ = {
			isa = PBXGroup;
			children = (
				3D72301D1BE3B7D500D036BA /* Tool */,
				3D7230151BE39C0900D036BA /* Model */,
				3DBC183A1BE22823003934B8 /* View */,
				3DBC181C1BE1C9B1003934B8 /* Category */,
				3DBC181F1BE1C9B1003934B8 /* Controller */,
			);
			path = Main;
			sourceTree = "<group>";
		};
		3DBC181C1BE1C9B1003934B8 /* Category */ = {
			isa = PBXGroup;
			children = (
				3DBC181D1BE1C9B1003934B8 /* UIView+extension.h */,
				3DBC181E1BE1C9B1003934B8 /* UIView+extension.m */,
				3DBC18371BE1CBB8003934B8 /* UIBarButtonItem+extension.h */,
				3DBC18381BE1CBB8003934B8 /* UIBarButtonItem+extension.m */,
				3D7230211BE3C2FB00D036BA /* UIWindow+extension.h */,
				3D7230221BE3C2FB00D036BA /* UIWindow+extension.m */,
				3DABDB8D1BE7176100EF7DA4 /* NSString+extension.h */,
				3DABDB8E1BE7176100EF7DA4 /* NSString+extension.m */,
				3DE90D431BEB824F0098FDB2 /* NSDate+extension.h */,
				3DE90D441BEB824F0098FDB2 /* NSDate+extension.m */,
			);
			path = Category;
			sourceTree = "<group>";
		};
		3DBC181F1BE1C9B1003934B8 /* Controller */ = {
			isa = PBXGroup;
			children = (
				3DBC18201BE1C9B1003934B8 /* MainTabBarController.h */,
				3DBC18211BE1C9B1003934B8 /* MainTabBarController.m */,
				3DBC18221BE1C9B1003934B8 /* WBNavigationController.h */,
				3DBC18231BE1C9B1003934B8 /* WBNavigationController.m */,
				3DBC183E1BE26FFE003934B8 /* NewFeatureViewController.h */,
				3DBC183F1BE26FFE003934B8 /* NewFeatureViewController.m */,
				3D722FF51BE3657A00D036BA /* OAuthViewController.h */,
				3D722FF61BE3657A00D036BA /* OAuthViewController.m */,
			);
			path = Controller;
			sourceTree = "<group>";
		};
		3DBC18241BE1C9B1003934B8 /* Message */ = {
			isa = PBXGroup;
			children = (
				3DBC18251BE1C9B1003934B8 /* Controller */,
				3DBC18281BE1C9B1003934B8 /* Model */,
				3DBC18291BE1C9B1003934B8 /* View */,
			);
			path = Message;
			sourceTree = "<group>";
		};
		3DBC18251BE1C9B1003934B8 /* Controller */ = {
			isa = PBXGroup;
			children = (
				3DBC18261BE1C9B1003934B8 /* MessageTableViewController.h */,
				3DBC18271BE1C9B1003934B8 /* MessageTableViewController.m */,
			);
			path = Controller;
			sourceTree = "<group>";
		};
		3DBC18281BE1C9B1003934B8 /* Model */ = {
			isa = PBXGroup;
			children = (
			);
			path = Model;
			sourceTree = "<group>";
		};
		3DBC18291BE1C9B1003934B8 /* View */ = {
			isa = PBXGroup;
			children = (
			);
			path = View;
			sourceTree = "<group>";
		};
		3DBC182A1BE1C9B1003934B8 /* Profile */ = {
			isa = PBXGroup;
			children = (
				3DBC182B1BE1C9B1003934B8 /* Controller */,
				3DBC182E1BE1C9B1003934B8 /* Model */,
				3DBC182F1BE1C9B1003934B8 /* View */,
			);
			path = Profile;
			sourceTree = "<group>";
		};
		3DBC182B1BE1C9B1003934B8 /* Controller */ = {
			isa = PBXGroup;
			children = (
				3DBC182C1BE1C9B1003934B8 /* ProfileTableViewController.h */,
				3DBC182D1BE1C9B1003934B8 /* ProfileTableViewController.m */,
			);
			path = Controller;
			sourceTree = "<group>";
		};
		3DBC182E1BE1C9B1003934B8 /* Model */ = {
			isa = PBXGroup;
			children = (
			);
			path = Model;
			sourceTree = "<group>";
		};
		3DBC182F1BE1C9B1003934B8 /* View */ = {
			isa = PBXGroup;
			children = (
			);
			path = View;
			sourceTree = "<group>";
		};
		3DBC183A1BE22823003934B8 /* View */ = {
			isa = PBXGroup;
			children = (
				3DBC183B1BE2285B003934B8 /* WBTabBar.h */,
				3DBC183C1BE2285B003934B8 /* WBTabBar.m */,
				3DAEBAF11BE4604600EC1937 /* TitleButton.h */,
				3DAEBAF21BE4604600EC1937 /* TitleButton.m */,
			);
			path = View;
			sourceTree = "<group>";
		};
		3DFB83941BE5240A00A1D6FD /* JSONModel */ = {
			isa = PBXGroup;
			children = (
				3DFB83951BE5240A00A1D6FD /* JSONModel */,
				3DFB839E1BE5240A00A1D6FD /* JSONModelCategories */,
				3DFB83A11BE5240A00A1D6FD /* JSONModelLib.h */,
				3DFB83A21BE5240A00A1D6FD /* JSONModelNetworking */,
				3DFB83A91BE5240A00A1D6FD /* JSONModelTransformations */,
			);
			path = JSONModel;
			sourceTree = "<group>";
		};
		3DFB83951BE5240A00A1D6FD /* JSONModel */ = {
			isa = PBXGroup;
			children = (
				3DFB83961BE5240A00A1D6FD /* JSONModel.h */,
				3DFB83971BE5240A00A1D6FD /* JSONModel.m */,
				3DFB83981BE5240A00A1D6FD /* JSONModelArray.h */,
				3DFB83991BE5240A00A1D6FD /* JSONModelArray.m */,
				3DFB839A1BE5240A00A1D6FD /* JSONModelClassProperty.h */,
				3DFB839B1BE5240A00A1D6FD /* JSONModelClassProperty.m */,
				3DFB839C1BE5240A00A1D6FD /* JSONModelError.h */,
				3DFB839D1BE5240A00A1D6FD /* JSONModelError.m */,
			);
			path = JSONModel;
			sourceTree = "<group>";
		};
		3DFB839E1BE5240A00A1D6FD /* JSONModelCategories */ = {
			isa = PBXGroup;
			children = (
				3DFB839F1BE5240A00A1D6FD /* NSArray+JSONModel.h */,
				3DFB83A01BE5240A00A1D6FD /* NSArray+JSONModel.m */,
			);
			path = JSONModelCategories;
			sourceTree = "<group>";
		};
		3DFB83A21BE5240A00A1D6FD /* JSONModelNetworking */ = {
			isa = PBXGroup;
			children = (
				3DFB83A31BE5240A00A1D6FD /* JSONAPI.h */,
				3DFB83A41BE5240A00A1D6FD /* JSONAPI.m */,
				3DFB83A51BE5240A00A1D6FD /* JSONHTTPClient.h */,
				3DFB83A61BE5240A00A1D6FD /* JSONHTTPClient.m */,
				3DFB83A71BE5240A00A1D6FD /* JSONModel+networking.h */,
				3DFB83A81BE5240A00A1D6FD /* JSONModel+networking.m */,
			);
			path = JSONModelNetworking;
			sourceTree = "<group>";
		};
		3DFB83A91BE5240A00A1D6FD /* JSONModelTransformations */ = {
			isa = PBXGroup;
			children = (
				3DFB83AA1BE5240A00A1D6FD /* JSONKeyMapper.h */,
				3DFB83AB1BE5240A00A1D6FD /* JSONKeyMapper.m */,
				3DFB83AC1BE5240A00A1D6FD /* JSONValueTransformer.h */,
				3DFB83AD1BE5240A00A1D6FD /* JSONValueTransformer.m */,
			);
			path = JSONModelTransformations;
			sourceTree = "<group>";
		};
/* End PBXGroup section */

/* Begin PBXNativeTarget section */
		3D6D580B1BE0CED600D5E7B5 /* weibo */ = {
			isa = PBXNativeTarget;
			buildConfigurationList = 3D6D58391BE0CED700D5E7B5 /* Build configuration list for PBXNativeTarget "weibo" */;
			buildPhases = (
				3D6D58081BE0CED600D5E7B5 /* Sources */,
				3D6D58091BE0CED600D5E7B5 /* Frameworks */,
				3D6D580A1BE0CED600D5E7B5 /* Resources */,
			);
			buildRules = (
			);
			dependencies = (
			);
			name = weibo;
			productName = weibo;
			productReference = 3D6D580C1BE0CED600D5E7B5 /* weibo.app */;
			productType = "com.apple.product-type.application";
		};
		3D6D58241BE0CED600D5E7B5 /* weiboTests */ = {
			isa = PBXNativeTarget;
			buildConfigurationList = 3D6D583C1BE0CED700D5E7B5 /* Build configuration list for PBXNativeTarget "weiboTests" */;
			buildPhases = (
				3D6D58211BE0CED600D5E7B5 /* Sources */,
				3D6D58221BE0CED600D5E7B5 /* Frameworks */,
				3D6D58231BE0CED600D5E7B5 /* Resources */,
			);
			buildRules = (
			);
			dependencies = (
				3D6D58271BE0CED600D5E7B5 /* PBXTargetDependency */,
			);
			name = weiboTests;
			productName = weiboTests;
			productReference = 3D6D58251BE0CED600D5E7B5 /* weiboTests.xctest */;
			productType = "com.apple.product-type.bundle.unit-test";
		};
		3D6D582F1BE0CED600D5E7B5 /* weiboUITests */ = {
			isa = PBXNativeTarget;
			buildConfigurationList = 3D6D583F1BE0CED700D5E7B5 /* Build configuration list for PBXNativeTarget "weiboUITests" */;
			buildPhases = (
				3D6D582C1BE0CED600D5E7B5 /* Sources */,
				3D6D582D1BE0CED600D5E7B5 /* Frameworks */,
				3D6D582E1BE0CED600D5E7B5 /* Resources */,
			);
			buildRules = (
			);
			dependencies = (
				3D6D58321BE0CED600D5E7B5 /* PBXTargetDependency */,
			);
			name = weiboUITests;
			productName = weiboUITests;
			productReference = 3D6D58301BE0CED600D5E7B5 /* weiboUITests.xctest */;
			productType = "com.apple.product-type.bundle.ui-testing";
		};
/* End PBXNativeTarget section */

/* Begin PBXProject section */
		3D6D58041BE0CED600D5E7B5 /* Project object */ = {
			isa = PBXProject;
			attributes = {
				LastUpgradeCheck = 0710;
				ORGANIZATIONNAME = happy;
				TargetAttributes = {
					3D6D580B1BE0CED600D5E7B5 = {
						CreatedOnToolsVersion = 7.1;
						DevelopmentTeam = Q9UYAXFZQ7;
					};
					3D6D58241BE0CED600D5E7B5 = {
						CreatedOnToolsVersion = 7.1;
						DevelopmentTeam = Q9UYAXFZQ7;
						TestTargetID = 3D6D580B1BE0CED600D5E7B5;
					};
					3D6D582F1BE0CED600D5E7B5 = {
						CreatedOnToolsVersion = 7.1;
						DevelopmentTeam = Q9UYAXFZQ7;
						TestTargetID = 3D6D580B1BE0CED600D5E7B5;
					};
				};
			};
			buildConfigurationList = 3D6D58071BE0CED600D5E7B5 /* Build configuration list for PBXProject "weibo" */;
			compatibilityVersion = "Xcode 3.2";
			developmentRegion = English;
			hasScannedForEncodings = 0;
			knownRegions = (
				en,
				Base,
			);
			mainGroup = 3D6D58031BE0CED600D5E7B5;
			productRefGroup = 3D6D580D1BE0CED600D5E7B5 /* Products */;
			projectDirPath = "";
			projectRoot = "";
			targets = (
				3D6D580B1BE0CED600D5E7B5 /* weibo */,
				3D6D58241BE0CED600D5E7B5 /* weiboTests */,
				3D6D582F1BE0CED600D5E7B5 /* weiboUITests */,
			);
		};
/* End PBXProject section */

/* Begin PBXResourcesBuildPhase section */
		3D6D580A1BE0CED600D5E7B5 /* Resources */ = {
			isa = PBXResourcesBuildPhase;
			buildActionMask = 2147483647;
			files = (
				3D6D581C1BE0CED600D5E7B5 /* Assets.xcassets in Resources */,
			);
			runOnlyForDeploymentPostprocessing = 0;
		};
		3D6D58231BE0CED600D5E7B5 /* Resources */ = {
			isa = PBXResourcesBuildPhase;
			buildActionMask = 2147483647;
			files = (
			);
			runOnlyForDeploymentPostprocessing = 0;
		};
		3D6D582E1BE0CED600D5E7B5 /* Resources */ = {
			isa = PBXResourcesBuildPhase;
			buildActionMask = 2147483647;
			files = (
			);
			runOnlyForDeploymentPostprocessing = 0;
		};
/* End PBXResourcesBuildPhase section */

/* Begin PBXSourcesBuildPhase section */
		3D6D58081BE0CED600D5E7B5 /* Sources */ = {
			isa = PBXSourcesBuildPhase;
			buildActionMask = 2147483647;
			files = (
				3D72304C1BE3E2C900D036BA /* SDWebImageDownloaderOperation.m in Sources */,
				3D7230521BE3E2C900D036BA /* UIImage+WebP.m in Sources */,
				3D72304E1BE3E2C900D036BA /* SDWebImagePrefetcher.m in Sources */,
				3D7125751BE868FC00B3EFFC /* Picture.m in Sources */,
				3DBC18311BE1C9B1003934B8 /* HomeTableViewController.m in Sources */,
				3D7230481BE3E2C900D036BA /* SDImageCache.m in Sources */,
				3D72304D1BE3E2C900D036BA /* SDWebImageManager.m in Sources */,
				3DADD76C1BECA89100EFD127 /* StatusPicturesView.m in Sources */,
				3DFB83B51BE5240A00A1D6FD /* JSONModel+networking.m in Sources */,
				3DADD7721BED040900EFD127 /* IconView.m in Sources */,
				3DBC18301BE1C9B1003934B8 /* DiscoverTableViewController.m in Sources */,
				3D72300D1BE3733700D036BA /* AFHTTPRequestOperationManager.m in Sources */,
				3DFB83B11BE5240A00A1D6FD /* JSONModelError.m in Sources */,
				3DBC18331BE1C9B1003934B8 /* MainTabBarController.m in Sources */,
				3D7230111BE3733700D036BA /* AFURLConnectionOperation.m in Sources */,
				3DB46EDD1BEA41860021BF7B /* StatusToolBar.m in Sources */,
				3DFB377F1BF0D2B000B21396 /* ComposePicturesView.m in Sources */,
				3DFB83B61BE5240A00A1D6FD /* JSONKeyMapper.m in Sources */,
				3D7230551BE3E2C900D036BA /* UIView+WebCacheOperation.m in Sources */,
				3D722FF71BE3657A00D036BA /* OAuthViewController.m in Sources */,
				3D7230491BE3E2C900D036BA /* SDWebImageCompat.m in Sources */,
				3DBC18361BE1C9B1003934B8 /* ProfileTableViewController.m in Sources */,
				3DE90D451BEB824F0098FDB2 /* NSDate+extension.m in Sources */,
				3D72301C1BE3A68700D036BA /* MBProgressHUD.m in Sources */,
				3D10F8D91BEE518F007BBB59 /* ComposeViewController.m in Sources */,
				3D72304A1BE3E2C900D036BA /* SDWebImageDecoder.m in Sources */,
				3D7230121BE3733700D036BA /* AFURLRequestSerialization.m in Sources */,
				3DA9993F1BEF5CE000FCB06B /* InputTextView.m in Sources */,
				3DBC18391BE1CBB8003934B8 /* UIBarButtonItem+extension.m in Sources */,
				3D7230201BE3B88B00D036BA /* AccountTool.m in Sources */,
				3DA19E341BF1BE4300518CCD /* EmotionKeyboardView.m in Sources */,
				3DFB83B41BE5240A00A1D6FD /* JSONHTTPClient.m in Sources */,
				3D7230531BE3E2C900D036BA /* UIImageView+HighlightedWebCache.m in Sources */,
				3D7230231BE3C2FB00D036BA /* UIWindow+extension.m in Sources */,
				3DADD76F1BECD3B000EFD127 /* StatusPictureView.m in Sources */,
				3D72300E1BE3733700D036BA /* AFHTTPSessionManager.m in Sources */,
				3DFB83B31BE5240A00A1D6FD /* JSONAPI.m in Sources */,
				3D72300C1BE3733700D036BA /* AFHTTPRequestOperation.m in Sources */,
				3DFB83B71BE5240A00A1D6FD /* JSONValueTransformer.m in Sources */,
				3DBC18351BE1C9B1003934B8 /* MessageTableViewController.m in Sources */,
				3D7230101BE3733700D036BA /* AFSecurityPolicy.m in Sources */,
				3DFB83B21BE5240A00A1D6FD /* NSArray+JSONModel.m in Sources */,
				3DACE3F21BF082BA00AE906A /* ToolBar.m in Sources */,
				3D7230511BE3E2C900D036BA /* UIImage+MultiFormat.m in Sources */,
				3D6D58111BE0CED600D5E7B5 /* main.m in Sources */,
				3DFB83AF1BE5240A00A1D6FD /* JSONModelArray.m in Sources */,
				3D7230461BE3E2C900D036BA /* MKAnnotationView+WebCache.m in Sources */,
				3DFB83901BE4C16000A1D6FD /* User.m in Sources */,
				3DABDB8F1BE7176100EF7DA4 /* NSString+extension.m in Sources */,
				3D7230471BE3E2C900D036BA /* NSData+ImageContentType.m in Sources */,
				3D72304F1BE3E2C900D036BA /* UIButton+WebCache.m in Sources */,
				3D7230541BE3E2C900D036BA /* UIImageView+WebCache.m in Sources */,
				3D72300F1BE3733700D036BA /* AFNetworkReachabilityManager.m in Sources */,
				3D7230141BE3733700D036BA /* AFURLSessionManager.m in Sources */,
				3D7230501BE3E2C900D036BA /* UIImage+GIF.m in Sources */,
				3D72304B1BE3E2C900D036BA /* SDWebImageDownloader.m in Sources */,
				3D6D58451BE0CF7200D5E7B5 /* AppDelegate.m in Sources */,
				3D7230181BE39C6800D036BA /* Account.m in Sources */,
				3DABDB8C1BE713E200EF7DA4 /* StatusFrame.m in Sources */,
				3DBC183D1BE2285B003934B8 /* WBTabBar.m in Sources */,
				3DABDB891BE70F8300EF7DA4 /* StatusTableViewCell.m in Sources */,
				3DAEBAF31BE4604600EC1937 /* TitleButton.m in Sources */,
				3DFB83B01BE5240A00A1D6FD /* JSONModelClassProperty.m in Sources */,
				3DBC18341BE1C9B1003934B8 /* WBNavigationController.m in Sources */,
				3DFB83AE1BE5240A00A1D6FD /* JSONModel.m in Sources */,
				3DBC18401BE26FFE003934B8 /* NewFeatureViewController.m in Sources */,
				3D7230131BE3733700D036BA /* AFURLResponseSerialization.m in Sources */,
				3DFB83931BE4C16D00A1D6FD /* Status.m in Sources */,
				3DBC18321BE1C9B1003934B8 /* UIView+extension.m in Sources */,
			);
			runOnlyForDeploymentPostprocessing = 0;
		};
		3D6D58211BE0CED600D5E7B5 /* Sources */ = {
			isa = PBXSourcesBuildPhase;
			buildActionMask = 2147483647;
			files = (
				3D6D582A1BE0CED600D5E7B5 /* weiboTests.m in Sources */,
			);
			runOnlyForDeploymentPostprocessing = 0;
		};
		3D6D582C1BE0CED600D5E7B5 /* Sources */ = {
			isa = PBXSourcesBuildPhase;
			buildActionMask = 2147483647;
			files = (
				3D6D58351BE0CED600D5E7B5 /* weiboUITests.m in Sources */,
			);
			runOnlyForDeploymentPostprocessing = 0;
		};
/* End PBXSourcesBuildPhase section */

/* Begin PBXTargetDependency section */
		3D6D58271BE0CED600D5E7B5 /* PBXTargetDependency */ = {
			isa = PBXTargetDependency;
			target = 3D6D580B1BE0CED600D5E7B5 /* weibo */;
			targetProxy = 3D6D58261BE0CED600D5E7B5 /* PBXContainerItemProxy */;
		};
		3D6D58321BE0CED600D5E7B5 /* PBXTargetDependency */ = {
			isa = PBXTargetDependency;
			target = 3D6D580B1BE0CED600D5E7B5 /* weibo */;
			targetProxy = 3D6D58311BE0CED600D5E7B5 /* PBXContainerItemProxy */;
		};
/* End PBXTargetDependency section */

/* Begin XCBuildConfiguration section */
		3D6D58371BE0CED700D5E7B5 /* Debug */ = {
			isa = XCBuildConfiguration;
			buildSettings = {
				ALWAYS_SEARCH_USER_PATHS = NO;
				CLANG_CXX_LANGUAGE_STANDARD = "gnu++0x";
				CLANG_CXX_LIBRARY = "libc++";
				CLANG_ENABLE_MODULES = YES;
				CLANG_ENABLE_OBJC_ARC = YES;
				CLANG_WARN_BOOL_CONVERSION = YES;
				CLANG_WARN_CONSTANT_CONVERSION = YES;
				CLANG_WARN_DIRECT_OBJC_ISA_USAGE = YES_ERROR;
				CLANG_WARN_EMPTY_BODY = YES;
				CLANG_WARN_ENUM_CONVERSION = YES;
				CLANG_WARN_INT_CONVERSION = YES;
				CLANG_WARN_OBJC_ROOT_CLASS = YES_ERROR;
				CLANG_WARN_UNREACHABLE_CODE = YES;
				CLANG_WARN__DUPLICATE_METHOD_MATCH = YES;
				"CODE_SIGN_IDENTITY[sdk=iphoneos*]" = "iPhone Developer";
				COPY_PHASE_STRIP = NO;
				DEBUG_INFORMATION_FORMAT = dwarf;
				ENABLE_STRICT_OBJC_MSGSEND = YES;
				ENABLE_TESTABILITY = YES;
				GCC_C_LANGUAGE_STANDARD = gnu99;
				GCC_DYNAMIC_NO_PIC = NO;
				GCC_NO_COMMON_BLOCKS = YES;
				GCC_OPTIMIZATION_LEVEL = 0;
				GCC_PRECOMPILE_PREFIX_HEADER = YES;
				GCC_PREPROCESSOR_DEFINITIONS = (
					"DEBUG=1",
					"$(inherited)",
				);
				GCC_WARN_64_TO_32_BIT_CONVERSION = YES;
				GCC_WARN_ABOUT_RETURN_TYPE = YES_ERROR;
				GCC_WARN_UNDECLARED_SELECTOR = YES;
				GCC_WARN_UNINITIALIZED_AUTOS = YES_AGGRESSIVE;
				GCC_WARN_UNUSED_FUNCTION = YES;
				GCC_WARN_UNUSED_VARIABLE = YES;
				IPHONEOS_DEPLOYMENT_TARGET = 9.1;
				MTL_ENABLE_DEBUG_INFO = YES;
				ONLY_ACTIVE_ARCH = YES;
				SDKROOT = iphoneos;
			};
			name = Debug;
		};
		3D6D58381BE0CED700D5E7B5 /* Release */ = {
			isa = XCBuildConfiguration;
			buildSettings = {
				ALWAYS_SEARCH_USER_PATHS = NO;
				CLANG_CXX_LANGUAGE_STANDARD = "gnu++0x";
				CLANG_CXX_LIBRARY = "libc++";
				CLANG_ENABLE_MODULES = YES;
				CLANG_ENABLE_OBJC_ARC = YES;
				CLANG_WARN_BOOL_CONVERSION = YES;
				CLANG_WARN_CONSTANT_CONVERSION = YES;
				CLANG_WARN_DIRECT_OBJC_ISA_USAGE = YES_ERROR;
				CLANG_WARN_EMPTY_BODY = YES;
				CLANG_WARN_ENUM_CONVERSION = YES;
				CLANG_WARN_INT_CONVERSION = YES;
				CLANG_WARN_OBJC_ROOT_CLASS = YES_ERROR;
				CLANG_WARN_UNREACHABLE_CODE = YES;
				CLANG_WARN__DUPLICATE_METHOD_MATCH = YES;
				"CODE_SIGN_IDENTITY[sdk=iphoneos*]" = "iPhone Developer";
				COPY_PHASE_STRIP = NO;
				DEBUG_INFORMATION_FORMAT = "dwarf-with-dsym";
				ENABLE_NS_ASSERTIONS = NO;
				ENABLE_STRICT_OBJC_MSGSEND = YES;
				GCC_C_LANGUAGE_STANDARD = gnu99;
				GCC_NO_COMMON_BLOCKS = YES;
				GCC_PRECOMPILE_PREFIX_HEADER = YES;
				GCC_WARN_64_TO_32_BIT_CONVERSION = YES;
				GCC_WARN_ABOUT_RETURN_TYPE = YES_ERROR;
				GCC_WARN_UNDECLARED_SELECTOR = YES;
				GCC_WARN_UNINITIALIZED_AUTOS = YES_AGGRESSIVE;
				GCC_WARN_UNUSED_FUNCTION = YES;
				GCC_WARN_UNUSED_VARIABLE = YES;
				IPHONEOS_DEPLOYMENT_TARGET = 9.1;
				MTL_ENABLE_DEBUG_INFO = NO;
				SDKROOT = iphoneos;
				VALIDATE_PRODUCT = YES;
			};
			name = Release;
		};
		3D6D583A1BE0CED700D5E7B5 /* Debug */ = {
			isa = XCBuildConfiguration;
			buildSettings = {
				ASSETCATALOG_COMPILER_APPICON_NAME = AppIcon;
				ASSETCATALOG_COMPILER_LAUNCHIMAGE_NAME = LaunchImage;
				GCC_PREFIX_HEADER = weibo/PrefixHeader.pch;
				INFOPLIST_FILE = weibo/Info.plist;
				IPHONEOS_DEPLOYMENT_TARGET = 7.0;
				LD_RUNPATH_SEARCH_PATHS = "$(inherited) @executable_path/Frameworks";
				PRODUCT_BUNDLE_IDENTIFIER = com.happy.pweibo;
				PRODUCT_NAME = "$(TARGET_NAME)";
			};
			name = Debug;
		};
		3D6D583B1BE0CED700D5E7B5 /* Release */ = {
			isa = XCBuildConfiguration;
			buildSettings = {
				ASSETCATALOG_COMPILER_APPICON_NAME = AppIcon;
				ASSETCATALOG_COMPILER_LAUNCHIMAGE_NAME = LaunchImage;
				GCC_PREFIX_HEADER = weibo/PrefixHeader.pch;
				INFOPLIST_FILE = weibo/Info.plist;
				IPHONEOS_DEPLOYMENT_TARGET = 7.0;
				LD_RUNPATH_SEARCH_PATHS = "$(inherited) @executable_path/Frameworks";
				PRODUCT_BUNDLE_IDENTIFIER = com.happy.pweibo;
				PRODUCT_NAME = "$(TARGET_NAME)";
			};
			name = Release;
		};
		3D6D583D1BE0CED700D5E7B5 /* Debug */ = {
			isa = XCBuildConfiguration;
			buildSettings = {
				BUNDLE_LOADER = "$(TEST_HOST)";
				INFOPLIST_FILE = weiboTests/Info.plist;
				LD_RUNPATH_SEARCH_PATHS = "$(inherited) @executable_path/Frameworks @loader_path/Frameworks";
				PRODUCT_BUNDLE_IDENTIFIER = com.happy.weiboTests;
				PRODUCT_NAME = "$(TARGET_NAME)";
				TEST_HOST = "$(BUILT_PRODUCTS_DIR)/weibo.app/weibo";
			};
			name = Debug;
		};
		3D6D583E1BE0CED700D5E7B5 /* Release */ = {
			isa = XCBuildConfiguration;
			buildSettings = {
				BUNDLE_LOADER = "$(TEST_HOST)";
				INFOPLIST_FILE = weiboTests/Info.plist;
				LD_RUNPATH_SEARCH_PATHS = "$(inherited) @executable_path/Frameworks @loader_path/Frameworks";
				PRODUCT_BUNDLE_IDENTIFIER = com.happy.weiboTests;
				PRODUCT_NAME = "$(TARGET_NAME)";
				TEST_HOST = "$(BUILT_PRODUCTS_DIR)/weibo.app/weibo";
			};
			name = Release;
		};
		3D6D58401BE0CED700D5E7B5 /* Debug */ = {
			isa = XCBuildConfiguration;
			buildSettings = {
				INFOPLIST_FILE = weiboUITests/Info.plist;
				LD_RUNPATH_SEARCH_PATHS = "$(inherited) @executable_path/Frameworks @loader_path/Frameworks";
				PRODUCT_BUNDLE_IDENTIFIER = com.happy.weiboUITests;
				PRODUCT_NAME = "$(TARGET_NAME)";
				TEST_TARGET_NAME = weibo;
				USES_XCTRUNNER = YES;
			};
			name = Debug;
		};
		3D6D58411BE0CED700D5E7B5 /* Release */ = {
			isa = XCBuildConfiguration;
			buildSettings = {
				INFOPLIST_FILE = weiboUITests/Info.plist;
				LD_RUNPATH_SEARCH_PATHS = "$(inherited) @executable_path/Frameworks @loader_path/Frameworks";
				PRODUCT_BUNDLE_IDENTIFIER = com.happy.weiboUITests;
				PRODUCT_NAME = "$(TARGET_NAME)";
				TEST_TARGET_NAME = weibo;
				USES_XCTRUNNER = YES;
			};
			name = Release;
		};
/* End XCBuildConfiguration section */

/* Begin XCConfigurationList section */
		3D6D58071BE0CED600D5E7B5 /* Build configuration list for PBXProject "weibo" */ = {
			isa = XCConfigurationList;
			buildConfigurations = (
				3D6D58371BE0CED700D5E7B5 /* Debug */,
				3D6D58381BE0CED700D5E7B5 /* Release */,
			);
			defaultConfigurationIsVisible = 0;
			defaultConfigurationName = Release;
		};
		3D6D58391BE0CED700D5E7B5 /* Build configuration list for PBXNativeTarget "weibo" */ = {
			isa = XCConfigurationList;
			buildConfigurations = (
				3D6D583A1BE0CED700D5E7B5 /* Debug */,
				3D6D583B1BE0CED700D5E7B5 /* Release */,
			);
			defaultConfigurationIsVisible = 0;
			defaultConfigurationName = Release;
		};
		3D6D583C1BE0CED700D5E7B5 /* Build configuration list for PBXNativeTarget "weiboTests" */ = {
			isa = XCConfigurationList;
			buildConfigurations = (
				3D6D583D1BE0CED700D5E7B5 /* Debug */,
				3D6D583E1BE0CED700D5E7B5 /* Release */,
			);
			defaultConfigurationIsVisible = 0;
			defaultConfigurationName = Release;
		};
		3D6D583F1BE0CED700D5E7B5 /* Build configuration list for PBXNativeTarget "weiboUITests" */ = {
			isa = XCConfigurationList;
			buildConfigurations = (
				3D6D58401BE0CED700D5E7B5 /* Debug */,
				3D6D58411BE0CED700D5E7B5 /* Release */,
			);
			defaultConfigurationIsVisible = 0;
			defaultConfigurationName = Release;
		};
/* End XCConfigurationList section */
	};
	rootObject = 3D6D58041BE0CED600D5E7B5 /* Project object */;
}
